// !$*UTF8*$!
{
	archiveVersion = 1;
	classes = {
	};
	objectVersion = 48;
	objects = {

/* Begin PBXBuildFile section */
		3A0B0245218F2C8F00BB8E61 /* Model.swift in Sources */ = {isa = PBXBuildFile; fileRef = 3A0B0244218F2C8F00BB8E61 /* Model.swift */; };
		3A0B0247218F2E4E00BB8E61 /* Author.swift in Sources */ = {isa = PBXBuildFile; fileRef = 3A0B0246218F2E4E00BB8E61 /* Author.swift */; };
		3A0B7B9C2190998500FD38E3 /* PlayViewController.swift in Sources */ = {isa = PBXBuildFile; fileRef = 3A0B7B9B2190998500FD38E3 /* PlayViewController.swift */; };
		3A0B7B9E219099A200FD38E3 /* TipsTableViewController.swift in Sources */ = {isa = PBXBuildFile; fileRef = 3A0B7B9D219099A200FD38E3 /* TipsTableViewController.swift */; };
		3A6033E3218DB31E00D28AF7 /* AppDelegate.swift in Sources */ = {isa = PBXBuildFile; fileRef = 3A6033E2218DB31E00D28AF7 /* AppDelegate.swift */; };
		3A6033E5218DB31E00D28AF7 /* ViewController.swift in Sources */ = {isa = PBXBuildFile; fileRef = 3A6033E4218DB31E00D28AF7 /* ViewController.swift */; };
		3A6033E8218DB31E00D28AF7 /* Main.storyboard in Resources */ = {isa = PBXBuildFile; fileRef = 3A6033E6218DB31E00D28AF7 /* Main.storyboard */; };
		3A6033EA218DB31E00D28AF7 /* Assets.xcassets in Resources */ = {isa = PBXBuildFile; fileRef = 3A6033E9218DB31E00D28AF7 /* Assets.xcassets */; };
		3A6033ED218DB31E00D28AF7 /* LaunchScreen.storyboard in Resources */ = {isa = PBXBuildFile; fileRef = 3A6033EB218DB31E00D28AF7 /* LaunchScreen.storyboard */; };
		3A603419218E373600D28AF7 /* QuizzesAuthorsTableViewController.swift in Sources */ = {isa = PBXBuildFile; fileRef = 3A603418218E373600D28AF7 /* QuizzesAuthorsTableViewController.swift */; };
		3A86DABE218F5CAA00F9F1AF /* QuizzesAllTableViewController.swift in Sources */ = {isa = PBXBuildFile; fileRef = 3A86DABD218F5CAA00F9F1AF /* QuizzesAllTableViewController.swift */; };
		3A86DAC0218F5D7000F9F1AF /* QuizzesPageTableViewController.swift in Sources */ = {isa = PBXBuildFile; fileRef = 3A86DABF218F5D7000F9F1AF /* QuizzesPageTableViewController.swift */; };
		3A86DAC2218F5D8000F9F1AF /* Quizzes10TableViewController.swift in Sources */ = {isa = PBXBuildFile; fileRef = 3A86DAC1218F5D8000F9F1AF /* Quizzes10TableViewController.swift */; };
		3A86DAC4218F5F7900F9F1AF /* Quiz.swift in Sources */ = {isa = PBXBuildFile; fileRef = 3A86DAC3218F5F7900F9F1AF /* Quiz.swift */; };
		3A86DAC6218F6DEF00F9F1AF /* QuizPage.swift in Sources */ = {isa = PBXBuildFile; fileRef = 3A86DAC5218F6DEF00F9F1AF /* QuizPage.swift */; };
/* End PBXBuildFile section */

/* Begin PBXContainerItemProxy section */
		3A6033F4218DB31E00D28AF7 /* PBXContainerItemProxy */ = {
			isa = PBXContainerItemProxy;
			containerPortal = 3A6033D7218DB31E00D28AF7 /* Project object */;
			proxyType = 1;
			remoteGlobalIDString = 3A6033DE218DB31E00D28AF7;
			remoteInfo = "P5-Quiz";
		};
		3A6033FF218DB31E00D28AF7 /* PBXContainerItemProxy */ = {
			isa = PBXContainerItemProxy;
			containerPortal = 3A6033D7218DB31E00D28AF7 /* Project object */;
			proxyType = 1;
			remoteGlobalIDString = 3A6033DE218DB31E00D28AF7;
			remoteInfo = "P5-Quiz";
		};
/* End PBXContainerItemProxy section */

/* Begin PBXFileReference section */
		3A0B0244218F2C8F00BB8E61 /* Model.swift */ = {isa = PBXFileReference; lastKnownFileType = sourcecode.swift; path = Model.swift; sourceTree = "<group>"; };
		3A0B0246218F2E4E00BB8E61 /* Author.swift */ = {isa = PBXFileReference; lastKnownFileType = sourcecode.swift; path = Author.swift; sourceTree = "<group>"; };
		3A0B7B9B2190998500FD38E3 /* PlayViewController.swift */ = {isa = PBXFileReference; lastKnownFileType = sourcecode.swift; path = PlayViewController.swift; sourceTree = "<group>"; };
		3A0B7B9D219099A200FD38E3 /* TipsTableViewController.swift */ = {isa = PBXFileReference; lastKnownFileType = sourcecode.swift; path = TipsTableViewController.swift; sourceTree = "<group>"; };
		3A6033DF218DB31E00D28AF7 /* P5-Quiz.app */ = {isa = PBXFileReference; explicitFileType = wrapper.application; includeInIndex = 0; path = "P5-Quiz.app"; sourceTree = BUILT_PRODUCTS_DIR; };
		3A6033E2218DB31E00D28AF7 /* AppDelegate.swift */ = {isa = PBXFileReference; lastKnownFileType = sourcecode.swift; path = AppDelegate.swift; sourceTree = "<group>"; };
		3A6033E4218DB31E00D28AF7 /* ViewController.swift */ = {isa = PBXFileReference; lastKnownFileType = sourcecode.swift; path = ViewController.swift; sourceTree = "<group>"; };
		3A6033E7218DB31E00D28AF7 /* Base */ = {isa = PBXFileReference; lastKnownFileType = file.storyboard; name = Base; path = Base.lproj/Main.storyboard; sourceTree = "<group>"; };
		3A6033E9218DB31E00D28AF7 /* Assets.xcassets */ = {isa = PBXFileReference; lastKnownFileType = folder.assetcatalog; path = Assets.xcassets; sourceTree = "<group>"; };
		3A6033EC218DB31E00D28AF7 /* Base */ = {isa = PBXFileReference; lastKnownFileType = file.storyboard; name = Base; path = Base.lproj/LaunchScreen.storyboard; sourceTree = "<group>"; };
		3A6033EE218DB31E00D28AF7 /* Info.plist */ = {isa = PBXFileReference; lastKnownFileType = text.plist.xml; path = Info.plist; sourceTree = "<group>"; };
		3A6033F3218DB31E00D28AF7 /* P5-QuizTests.xctest */ = {isa = PBXFileReference; explicitFileType = wrapper.cfbundle; includeInIndex = 0; path = "P5-QuizTests.xctest"; sourceTree = BUILT_PRODUCTS_DIR; };
		3A6033FE218DB31E00D28AF7 /* P5-QuizUITests.xctest */ = {isa = PBXFileReference; explicitFileType = wrapper.cfbundle; includeInIndex = 0; path = "P5-QuizUITests.xctest"; sourceTree = BUILT_PRODUCTS_DIR; };
		3A603418218E373600D28AF7 /* QuizzesAuthorsTableViewController.swift */ = {isa = PBXFileReference; lastKnownFileType = sourcecode.swift; path = QuizzesAuthorsTableViewController.swift; sourceTree = "<group>"; };
		3A86DABD218F5CAA00F9F1AF /* QuizzesAllTableViewController.swift */ = {isa = PBXFileReference; lastKnownFileType = sourcecode.swift; path = QuizzesAllTableViewController.swift; sourceTree = "<group>"; };
		3A86DABF218F5D7000F9F1AF /* QuizzesPageTableViewController.swift */ = {isa = PBXFileReference; lastKnownFileType = sourcecode.swift; path = QuizzesPageTableViewController.swift; sourceTree = "<group>"; };
		3A86DAC1218F5D8000F9F1AF /* Quizzes10TableViewController.swift */ = {isa = PBXFileReference; lastKnownFileType = sourcecode.swift; path = Quizzes10TableViewController.swift; sourceTree = "<group>"; };
		3A86DAC3218F5F7900F9F1AF /* Quiz.swift */ = {isa = PBXFileReference; lastKnownFileType = sourcecode.swift; path = Quiz.swift; sourceTree = "<group>"; };
		3A86DAC5218F6DEF00F9F1AF /* QuizPage.swift */ = {isa = PBXFileReference; lastKnownFileType = sourcecode.swift; path = QuizPage.swift; sourceTree = "<group>"; };
/* End PBXFileReference section */

/* Begin PBXFrameworksBuildPhase section */
		3A6033DC218DB31E00D28AF7 /* Frameworks */ = {
			isa = PBXFrameworksBuildPhase;
			buildActionMask = 2147483647;
			files = (
			);
			runOnlyForDeploymentPostprocessing = 0;
		};
		3A6033F0218DB31E00D28AF7 /* Frameworks */ = {
			isa = PBXFrameworksBuildPhase;
			buildActionMask = 2147483647;
			files = (
			);
			runOnlyForDeploymentPostprocessing = 0;
		};
		3A6033FB218DB31E00D28AF7 /* Frameworks */ = {
			isa = PBXFrameworksBuildPhase;
			buildActionMask = 2147483647;
			files = (
			);
			runOnlyForDeploymentPostprocessing = 0;
		};
/* End PBXFrameworksBuildPhase section */

/* Begin PBXGroup section */
		3A0B0243218F2C4500BB8E61 /* Model */ = {
			isa = PBXGroup;
			children = (
				3A0B0244218F2C8F00BB8E61 /* Model.swift */,
				3A0B0246218F2E4E00BB8E61 /* Author.swift */,
				3A86DAC3218F5F7900F9F1AF /* Quiz.swift */,
				3A86DAC5218F6DEF00F9F1AF /* QuizPage.swift */,
			);
			path = Model;
			sourceTree = "<group>";
		};
		3A6033D6218DB31E00D28AF7 = {
			isa = PBXGroup;
			children = (
				3A6033E1218DB31E00D28AF7 /* P5-Quiz */,
				3A6033E0218DB31E00D28AF7 /* Products */,
			);
			sourceTree = "<group>";
		};
		3A6033E0218DB31E00D28AF7 /* Products */ = {
			isa = PBXGroup;
			children = (
				3A6033DF218DB31E00D28AF7 /* P5-Quiz.app */,
				3A6033F3218DB31E00D28AF7 /* P5-QuizTests.xctest */,
				3A6033FE218DB31E00D28AF7 /* P5-QuizUITests.xctest */,
			);
			name = Products;
			sourceTree = "<group>";
		};
		3A6033E1218DB31E00D28AF7 /* P5-Quiz */ = {
			isa = PBXGroup;
			children = (
				3A0B0243218F2C4500BB8E61 /* Model */,
				3A6033E2218DB31E00D28AF7 /* AppDelegate.swift */,
				3A6033E4218DB31E00D28AF7 /* ViewController.swift */,
				3A603418218E373600D28AF7 /* QuizzesAuthorsTableViewController.swift */,
				3A86DABD218F5CAA00F9F1AF /* QuizzesAllTableViewController.swift */,
				3A86DABF218F5D7000F9F1AF /* QuizzesPageTableViewController.swift */,
				3A86DAC1218F5D8000F9F1AF /* Quizzes10TableViewController.swift */,
				3A0B7B9D219099A200FD38E3 /* TipsTableViewController.swift */,
				3A0B7B9B2190998500FD38E3 /* PlayViewController.swift */,
				3A6033E6218DB31E00D28AF7 /* Main.storyboard */,
				3A6033E9218DB31E00D28AF7 /* Assets.xcassets */,
				3A6033EB218DB31E00D28AF7 /* LaunchScreen.storyboard */,
				3A6033EE218DB31E00D28AF7 /* Info.plist */,
			);
			path = "P5-Quiz";
			sourceTree = "<group>";
		};
/* End PBXGroup section */

/* Begin PBXNativeTarget section */
		3A6033DE218DB31E00D28AF7 /* P5-Quiz */ = {
			isa = PBXNativeTarget;
			buildConfigurationList = 3A603407218DB31E00D28AF7 /* Build configuration list for PBXNativeTarget "P5-Quiz" */;
			buildPhases = (
				3A6033DB218DB31E00D28AF7 /* Sources */,
				3A6033DC218DB31E00D28AF7 /* Frameworks */,
				3A6033DD218DB31E00D28AF7 /* Resources */,
			);
			buildRules = (
			);
			dependencies = (
			);
			name = "P5-Quiz";
			productName = "P5-Quiz";
			productReference = 3A6033DF218DB31E00D28AF7 /* P5-Quiz.app */;
			productType = "com.apple.product-type.application";
		};
		3A6033F2218DB31E00D28AF7 /* P5-QuizTests */ = {
			isa = PBXNativeTarget;
			buildConfigurationList = 3A60340A218DB31E00D28AF7 /* Build configuration list for PBXNativeTarget "P5-QuizTests" */;
			buildPhases = (
				3A6033EF218DB31E00D28AF7 /* Sources */,
				3A6033F0218DB31E00D28AF7 /* Frameworks */,
				3A6033F1218DB31E00D28AF7 /* Resources */,
			);
			buildRules = (
			);
			dependencies = (
				3A6033F5218DB31E00D28AF7 /* PBXTargetDependency */,
			);
			name = "P5-QuizTests";
			productName = "P5-QuizTests";
			productReference = 3A6033F3218DB31E00D28AF7 /* P5-QuizTests.xctest */;
			productType = "com.apple.product-type.bundle.unit-test";
		};
		3A6033FD218DB31E00D28AF7 /* P5-QuizUITests */ = {
			isa = PBXNativeTarget;
			buildConfigurationList = 3A60340D218DB31E00D28AF7 /* Build configuration list for PBXNativeTarget "P5-QuizUITests" */;
			buildPhases = (
				3A6033FA218DB31E00D28AF7 /* Sources */,
				3A6033FB218DB31E00D28AF7 /* Frameworks */,
				3A6033FC218DB31E00D28AF7 /* Resources */,
			);
			buildRules = (
			);
			dependencies = (
				3A603400218DB31E00D28AF7 /* PBXTargetDependency */,
			);
			name = "P5-QuizUITests";
			productName = "P5-QuizUITests";
			productReference = 3A6033FE218DB31E00D28AF7 /* P5-QuizUITests.xctest */;
			productType = "com.apple.product-type.bundle.ui-testing";
		};
/* End PBXNativeTarget section */

/* Begin PBXProject section */
		3A6033D7218DB31E00D28AF7 /* Project object */ = {
			isa = PBXProject;
			attributes = {
				LastSwiftUpdateCheck = 0920;
				LastUpgradeCheck = 0920;
				ORGANIZATIONNAME = Adrian;
				TargetAttributes = {
					3A6033DE218DB31E00D28AF7 = {
						CreatedOnToolsVersion = 9.2;
						ProvisioningStyle = Automatic;
					};
					3A6033F2218DB31E00D28AF7 = {
						CreatedOnToolsVersion = 9.2;
						ProvisioningStyle = Automatic;
						TestTargetID = 3A6033DE218DB31E00D28AF7;
					};
					3A6033FD218DB31E00D28AF7 = {
						CreatedOnToolsVersion = 9.2;
						ProvisioningStyle = Automatic;
						TestTargetID = 3A6033DE218DB31E00D28AF7;
					};
				};
			};
			buildConfigurationList = 3A6033DA218DB31E00D28AF7 /* Build configuration list for PBXProject "P5-Quiz" */;
			compatibilityVersion = "Xcode 8.0";
			developmentRegion = en;
			hasScannedForEncodings = 0;
			knownRegions = (
				en,
				Base,
			);
			mainGroup = 3A6033D6218DB31E00D28AF7;
			productRefGroup = 3A6033E0218DB31E00D28AF7 /* Products */;
			projectDirPath = "";
			projectRoot = "";
			targets = (
				3A6033DE218DB31E00D28AF7 /* P5-Quiz */,
				3A6033F2218DB31E00D28AF7 /* P5-QuizTests */,
				3A6033FD218DB31E00D28AF7 /* P5-QuizUITests */,
			);
		};
/* End PBXProject section */

/* Begin PBXResourcesBuildPhase section */
		3A6033DD218DB31E00D28AF7 /* Resources */ = {
			isa = PBXResourcesBuildPhase;
			buildActionMask = 2147483647;
			files = (
				3A6033ED218DB31E00D28AF7 /* LaunchScreen.storyboard in Resources */,
				3A6033EA218DB31E00D28AF7 /* Assets.xcassets in Resources */,
				3A6033E8218DB31E00D28AF7 /* Main.storyboard in Resources */,
			);
			runOnlyForDeploymentPostprocessing = 0;
		};
		3A6033F1218DB31E00D28AF7 /* Resources */ = {
			isa = PBXResourcesBuildPhase;
			buildActionMask = 2147483647;
			files = (
			);
			runOnlyForDeploymentPostprocessing = 0;
		};
		3A6033FC218DB31E00D28AF7 /* Resources */ = {
			isa = PBXResourcesBuildPhase;
			buildActionMask = 2147483647;
			files = (
			);
			runOnlyForDeploymentPostprocessing = 0;
		};
/* End PBXResourcesBuildPhase section */

/* Begin PBXSourcesBuildPhase section */
		3A6033DB218DB31E00D28AF7 /* Sources */ = {
			isa = PBXSourcesBuildPhase;
			buildActionMask = 2147483647;
			files = (
				3A86DAC2218F5D8000F9F1AF /* Quizzes10TableViewController.swift in Sources */,
				3A0B0245218F2C8F00BB8E61 /* Model.swift in Sources */,
				3A86DAC0218F5D7000F9F1AF /* QuizzesPageTableViewController.swift in Sources */,
				3A6033E5218DB31E00D28AF7 /* ViewController.swift in Sources */,
				3A0B7B9C2190998500FD38E3 /* PlayViewController.swift in Sources */,
				3A603419218E373600D28AF7 /* QuizzesAuthorsTableViewController.swift in Sources */,
				3A86DABE218F5CAA00F9F1AF /* QuizzesAllTableViewController.swift in Sources */,
				3A0B7B9E219099A200FD38E3 /* TipsTableViewController.swift in Sources */,
				3A6033E3218DB31E00D28AF7 /* AppDelegate.swift in Sources */,
				3A0B0247218F2E4E00BB8E61 /* Author.swift in Sources */,
				3A86DAC4218F5F7900F9F1AF /* Quiz.swift in Sources */,
				3A86DAC6218F6DEF00F9F1AF /* QuizPage.swift in Sources */,
			);
			runOnlyForDeploymentPostprocessing = 0;
		};
		3A6033EF218DB31E00D28AF7 /* Sources */ = {
			isa = PBXSourcesBuildPhase;
			buildActionMask = 2147483647;
			files = (
			);
			runOnlyForDeploymentPostprocessing = 0;
		};
		3A6033FA218DB31E00D28AF7 /* Sources */ = {
			isa = PBXSourcesBuildPhase;
			buildActionMask = 2147483647;
			files = (
			);
			runOnlyForDeploymentPostprocessing = 0;
		};
/* End PBXSourcesBuildPhase section */

/* Begin PBXTargetDependency section */
		3A6033F5218DB31E00D28AF7 /* PBXTargetDependency */ = {
			isa = PBXTargetDependency;
			target = 3A6033DE218DB31E00D28AF7 /* P5-Quiz */;
			targetProxy = 3A6033F4218DB31E00D28AF7 /* PBXContainerItemProxy */;
		};
		3A603400218DB31E00D28AF7 /* PBXTargetDependency */ = {
			isa = PBXTargetDependency;
			target = 3A6033DE218DB31E00D28AF7 /* P5-Quiz */;
			targetProxy = 3A6033FF218DB31E00D28AF7 /* PBXContainerItemProxy */;
		};
/* End PBXTargetDependency section */

/* Begin PBXVariantGroup section */
		3A6033E6218DB31E00D28AF7 /* Main.storyboard */ = {
			isa = PBXVariantGroup;
			children = (
				3A6033E7218DB31E00D28AF7 /* Base */,
			);
			name = Main.storyboard;
			sourceTree = "<group>";
		};
		3A6033EB218DB31E00D28AF7 /* LaunchScreen.storyboard */ = {
			isa = PBXVariantGroup;
			children = (
				3A6033EC218DB31E00D28AF7 /* Base */,
			);
			name = LaunchScreen.storyboard;
			sourceTree = "<group>";
		};
/* End PBXVariantGroup section */

/* Begin XCBuildConfiguration section */
		3A603405218DB31E00D28AF7 /* Debug */ = {
			isa = XCBuildConfiguration;
			buildSettings = {
				ALWAYS_SEARCH_USER_PATHS = NO;
				CLANG_ANALYZER_NONNULL = YES;
				CLANG_ANALYZER_NUMBER_OBJECT_CONVERSION = YES_AGGRESSIVE;
				CLANG_CXX_LANGUAGE_STANDARD = "gnu++14";
				CLANG_CXX_LIBRARY = "libc++";
				CLANG_ENABLE_MODULES = YES;
				CLANG_ENABLE_OBJC_ARC = YES;
				CLANG_WARN_BLOCK_CAPTURE_AUTORELEASING = YES;
				CLANG_WARN_BOOL_CONVERSION = YES;
				CLANG_WARN_COMMA = YES;
				CLANG_WARN_CONSTANT_CONVERSION = YES;
				CLANG_WARN_DIRECT_OBJC_ISA_USAGE = YES_ERROR;
				CLANG_WARN_DOCUMENTATION_COMMENTS = YES;
				CLANG_WARN_EMPTY_BODY = YES;
				CLANG_WARN_ENUM_CONVERSION = YES;
				CLANG_WARN_INFINITE_RECURSION = YES;
				CLANG_WARN_INT_CONVERSION = YES;
				CLANG_WARN_NON_LITERAL_NULL_CONVERSION = YES;
				CLANG_WARN_OBJC_LITERAL_CONVERSION = YES;
				CLANG_WARN_OBJC_ROOT_CLASS = YES_ERROR;
				CLANG_WARN_RANGE_LOOP_ANALYSIS = YES;
				CLANG_WARN_STRICT_PROTOTYPES = YES;
				CLANG_WARN_SUSPICIOUS_MOVE = YES;
				CLANG_WARN_UNGUARDED_AVAILABILITY = YES_AGGRESSIVE;
				CLANG_WARN_UNREACHABLE_CODE = YES;
				CLANG_WARN__DUPLICATE_METHOD_MATCH = YES;
				CODE_SIGN_IDENTITY = "iPhone Developer";
				COPY_PHASE_STRIP = NO;
				DEBUG_INFORMATION_FORMAT = dwarf;
				ENABLE_STRICT_OBJC_MSGSEND = YES;
				ENABLE_TESTABILITY = YES;
				GCC_C_LANGUAGE_STANDARD = gnu11;
				GCC_DYNAMIC_NO_PIC = NO;
				GCC_NO_COMMON_BLOCKS = YES;
				GCC_OPTIMIZATION_LEVEL = 0;
				GCC_PREPROCESSOR_DEFINITIONS = (
					"DEBUG=1",
					"$(inherited)",
				);
				GCC_WARN_64_TO_32_BIT_CONVERSION = YES;
				GCC_WARN_ABOUT_RETURN_TYPE = YES_ERROR;
				GCC_WARN_UNDECLARED_SELECTOR = YES;
				GCC_WARN_UNINITIALIZED_AUTOS = YES_AGGRESSIVE;
				GCC_WARN_UNUSED_FUNCTION = YES;
				GCC_WARN_UNUSED_VARIABLE = YES;
				IPHONEOS_DEPLOYMENT_TARGET = 11.2;
				MTL_ENABLE_DEBUG_INFO = YES;
				ONLY_ACTIVE_ARCH = YES;
				SDKROOT = iphoneos;
				SWIFT_ACTIVE_COMPILATION_CONDITIONS = DEBUG;
				SWIFT_OPTIMIZATION_LEVEL = "-Onone";
			};
			name = Debug;
		};
		3A603406218DB31E00D28AF7 /* Release */ = {
			isa = XCBuildConfiguration;
			buildSettings = {
				ALWAYS_SEARCH_USER_PATHS = NO;
				CLANG_ANALYZER_NONNULL = YES;
				CLANG_ANALYZER_NUMBER_OBJECT_CONVERSION = YES_AGGRESSIVE;
				CLANG_CXX_LANGUAGE_STANDARD = "gnu++14";
				CLANG_CXX_LIBRARY = "libc++";
				CLANG_ENABLE_MODULES = YES;
				CLANG_ENABLE_OBJC_ARC = YES;
				CLANG_WARN_BLOCK_CAPTURE_AUTORELEASING = YES;
				CLANG_WARN_BOOL_CONVERSION = YES;
				CLANG_WARN_COMMA = YES;
				CLANG_WARN_CONSTANT_CONVERSION = YES;
				CLANG_WARN_DIRECT_OBJC_ISA_USAGE = YES_ERROR;
				CLANG_WARN_DOCUMENTATION_COMMENTS = YES;
				CLANG_WARN_EMPTY_BODY = YES;
				CLANG_WARN_ENUM_CONVERSION = YES;
				CLANG_WARN_INFINITE_RECURSION = YES;
				CLANG_WARN_INT_CONVERSION = YES;
				CLANG_WARN_NON_LITERAL_NULL_CONVERSION = YES;
				CLANG_WARN_OBJC_LITERAL_CONVERSION = YES;
				CLANG_WARN_OBJC_ROOT_CLASS = YES_ERROR;
				CLANG_WARN_RANGE_LOOP_ANALYSIS = YES;
				CLANG_WARN_STRICT_PROTOTYPES = YES;
				CLANG_WARN_SUSPICIOUS_MOVE = YES;
				CLANG_WARN_UNGUARDED_AVAILABILITY = YES_AGGRESSIVE;
				CLANG_WARN_UNREACHABLE_CODE = YES;
				CLANG_WARN__DUPLICATE_METHOD_MATCH = YES;
				CODE_SIGN_IDENTITY = "iPhone Developer";
				COPY_PHASE_STRIP = NO;
				DEBUG_INFORMATION_FORMAT = "dwarf-with-dsym";
				ENABLE_NS_ASSERTIONS = NO;
				ENABLE_STRICT_OBJC_MSGSEND = YES;
				GCC_C_LANGUAGE_STANDARD = gnu11;
				GCC_NO_COMMON_BLOCKS = YES;
				GCC_WARN_64_TO_32_BIT_CONVERSION = YES;
				GCC_WARN_ABOUT_RETURN_TYPE = YES_ERROR;
				GCC_WARN_UNDECLARED_SELECTOR = YES;
				GCC_WARN_UNINITIALIZED_AUTOS = YES_AGGRESSIVE;
				GCC_WARN_UNUSED_FUNCTION = YES;
				GCC_WARN_UNUSED_VARIABLE = YES;
				IPHONEOS_DEPLOYMENT_TARGET = 11.2;
				MTL_ENABLE_DEBUG_INFO = NO;
				SDKROOT = iphoneos;
				SWIFT_OPTIMIZATION_LEVEL = "-Owholemodule";
				VALIDATE_PRODUCT = YES;
			};
			name = Release;
		};
		3A603408218DB31E00D28AF7 /* Debug */ = {
			isa = XCBuildConfiguration;
			buildSettings = {
				ASSETCATALOG_COMPILER_APPICON_NAME = AppIcon;
				CODE_SIGN_STYLE = Automatic;
				DEVELOPMENT_TEAM = PAPZUJDCZ5;
				INFOPLIST_FILE = "P5-Quiz/Info.plist";
				LD_RUNPATH_SEARCH_PATHS = "$(inherited) @executable_path/Frameworks";
				PRODUCT_BUNDLE_IDENTIFIER = "es.upm.dit.P5-Quiz";
				PRODUCT_NAME = "$(TARGET_NAME)";
				SWIFT_VERSION = 4.0;
				TARGETED_DEVICE_FAMILY = "1,2";
			};
			name = Debug;
		};
		3A603409218DB31E00D28AF7 /* Release */ = {
			isa = XCBuildConfiguration;
			buildSettings = {
				ASSETCATALOG_COMPILER_APPICON_NAME = AppIcon;
				CODE_SIGN_STYLE = Automatic;
				DEVELOPMENT_TEAM = PAPZUJDCZ5;
				INFOPLIST_FILE = "P5-Quiz/Info.plist";
				LD_RUNPATH_SEARCH_PATHS = "$(inherited) @executable_path/Frameworks";
				PRODUCT_BUNDLE_IDENTIFIER = "es.upm.dit.P5-Quiz";
				PRODUCT_NAME = "$(TARGET_NAME)";
				SWIFT_VERSION = 4.0;
				TARGETED_DEVICE_FAMILY = "1,2";
			};
			name = Release;
		};
		3A60340B218DB31E00D28AF7 /* Debug */ = {
			isa = XCBuildConfiguration;
			buildSettings = {
				ALWAYS_EMBED_SWIFT_STANDARD_LIBRARIES = YES;
				BUNDLE_LOADER = "$(TEST_HOST)";
				CODE_SIGN_STYLE = Automatic;
				DEVELOPMENT_TEAM = PAPZUJDCZ5;
				INFOPLIST_FILE = "P5-QuizTests/Info.plist";
				LD_RUNPATH_SEARCH_PATHS = "$(inherited) @executable_path/Frameworks @loader_path/Frameworks";
				PRODUCT_BUNDLE_IDENTIFIER = "es.upm.dit.P5-QuizTests";
				PRODUCT_NAME = "$(TARGET_NAME)";
				SWIFT_VERSION = 4.0;
				TARGETED_DEVICE_FAMILY = "1,2";
				TEST_HOST = "$(BUILT_PRODUCTS_DIR)/P5-Quiz.app/P5-Quiz";
			};
			name = Debug;
		};
		3A60340C218DB31E00D28AF7 /* Release */ = {
			isa = XCBuildConfiguration;
			buildSettings = {
				ALWAYS_EMBED_SWIFT_STANDARD_LIBRARIES = YES;
				BUNDLE_LOADER = "$(TEST_HOST)";
				CODE_SIGN_STYLE = Automatic;
				DEVELOPMENT_TEAM = PAPZUJDCZ5;
				INFOPLIST_FILE = "P5-QuizTests/Info.plist";
				LD_RUNPATH_SEARCH_PATHS = "$(inherited) @executable_path/Frameworks @loader_path/Frameworks";
				PRODUCT_BUNDLE_IDENTIFIER = "es.upm.dit.P5-QuizTests";
				PRODUCT_NAME = "$(TARGET_NAME)";
				SWIFT_VERSION = 4.0;
				TARGETED_DEVICE_FAMILY = "1,2";
				TEST_HOST = "$(BUILT_PRODUCTS_DIR)/P5-Quiz.app/P5-Quiz";
			};
			name = Release;
		};
		3A60340E218DB31E00D28AF7 /* Debug */ = {
			isa = XCBuildConfiguration;
			buildSettings = {
				ALWAYS_EMBED_SWIFT_STANDARD_LIBRARIES = YES;
				CODE_SIGN_STYLE = Automatic;
				DEVELOPMENT_TEAM = PAPZUJDCZ5;
				INFOPLIST_FILE = "P5-QuizUITests/Info.plist";
				LD_RUNPATH_SEARCH_PATHS = "$(inherited) @executable_path/Frameworks @loader_path/Frameworks";
				PRODUCT_BUNDLE_IDENTIFIER = "es.upm.dit.P5-QuizUITests";
				PRODUCT_NAME = "$(TARGET_NAME)";
				SWIFT_VERSION = 4.0;
				TARGETED_DEVICE_FAMILY = "1,2";
				TEST_TARGET_NAME = "P5-Quiz";
			};
			name = Debug;
		};
		3A60340F218DB31E00D28AF7 /* Release */ = {
			isa = XCBuildConfiguration;
			buildSettings = {
				ALWAYS_EMBED_SWIFT_STANDARD_LIBRARIES = YES;
				CODE_SIGN_STYLE = Automatic;
				DEVELOPMENT_TEAM = PAPZUJDCZ5;
				INFOPLIST_FILE = "P5-QuizUITests/Info.plist";
				LD_RUNPATH_SEARCH_PATHS = "$(inherited) @executable_path/Frameworks @loader_path/Frameworks";
				PRODUCT_BUNDLE_IDENTIFIER = "es.upm.dit.P5-QuizUITests";
				PRODUCT_NAME = "$(TARGET_NAME)";
				SWIFT_VERSION = 4.0;
				TARGETED_DEVICE_FAMILY = "1,2";
				TEST_TARGET_NAME = "P5-Quiz";
			};
			name = Release;
		};
/* End XCBuildConfiguration section */

/* Begin XCConfigurationList section */
		3A6033DA218DB31E00D28AF7 /* Build configuration list for PBXProject "P5-Quiz" */ = {
			isa = XCConfigurationList;
			buildConfigurations = (
				3A603405218DB31E00D28AF7 /* Debug */,
				3A603406218DB31E00D28AF7 /* Release */,
			);
			defaultConfigurationIsVisible = 0;
			defaultConfigurationName = Release;
		};
		3A603407218DB31E00D28AF7 /* Build configuration list for PBXNativeTarget "P5-Quiz" */ = {
			isa = XCConfigurationList;
			buildConfigurations = (
				3A603408218DB31E00D28AF7 /* Debug */,
				3A603409218DB31E00D28AF7 /* Release */,
			);
			defaultConfigurationIsVisible = 0;
			defaultConfigurationName = Release;
		};
		3A60340A218DB31E00D28AF7 /* Build configuration list for PBXNativeTarget "P5-QuizTests" */ = {
			isa = XCConfigurationList;
			buildConfigurations = (
				3A60340B218DB31E00D28AF7 /* Debug */,
				3A60340C218DB31E00D28AF7 /* Release */,
			);
			defaultConfigurationIsVisible = 0;
			defaultConfigurationName = Release;
		};
		3A60340D218DB31E00D28AF7 /* Build configuration list for PBXNativeTarget "P5-QuizUITests" */ = {
			isa = XCConfigurationList;
			buildConfigurations = (
				3A60340E218DB31E00D28AF7 /* Debug */,
				3A60340F218DB31E00D28AF7 /* Release */,
			);
			defaultConfigurationIsVisible = 0;
			defaultConfigurationName = Release;
		};
/* End XCConfigurationList section */
	};
	rootObject = 3A6033D7218DB31E00D28AF7 /* Project object */;
}
